
Microsoft Visual Studio Solution File, Format Version 12.00
# Visual Studio 15
Project("{FAE04EC0-301F-11D3-BF4B-00C04F79EFBC}") = "Assembly-CSharp", "Assembly-CSharp.csproj", "{7F6FABA3-C728-41C3-788E-6728ACD6111A}"
EndProject
Project("{FAE04EC0-301F-11D3-BF4B-00C04F79EFBC}") = "HelloCube", "HelloCube.csproj", "{36D1378D-7435-6562-EE31-10D3820750E2}"
EndProject
Project("{FAE04EC0-301F-11D3-BF4B-00C04F79EFBC}") = "Samples.Boids", "Samples.Boids.csproj", "{9A8FA4C2-E6D2-2504-3C55-F732E9B5E19E}"
EndProject
Project("{FAE04EC0-301F-11D3-BF4B-00C04F79EFBC}") = "Tests.Playmode", "Tests.Playmode.csproj", "{85408124-F65E-0F41-8374-4A9DB5A3A9B9}"
EndProject
Project("{FAE04EC0-301F-11D3-BF4B-00C04F79EFBC}") = "Assembly-CSharp-Editor", "Assembly-CSharp-Editor.csproj", "{8C16BB92-3AAD-7CC4-1442-9C2947CAA971}"
EndProject
Global
	GlobalSection(SolutionConfigurationPlatforms) = preSolution
		Debug|Any CPU = Debug|Any CPU
		Release|Any CPU = Release|Any CPU
	EndGlobalSection
	GlobalSection(ProjectConfigurationPlatforms) = postSolution
		{7F6FABA3-C728-41C3-788E-6728ACD6111A}.Debug|Any CPU.ActiveCfg = Debug|Any CPU
		{7F6FABA3-C728-41C3-788E-6728ACD6111A}.Debug|Any CPU.Build.0 = Debug|Any CPU
		{7F6FABA3-C728-41C3-788E-6728ACD6111A}.Release|Any CPU.ActiveCfg = Release|Any CPU
		{7F6FABA3-C728-41C3-788E-6728ACD6111A}.Release|Any CPU.Build.0 = Release|Any CPU
		{36D1378D-7435-6562-EE31-10D3820750E2}.Debug|Any CPU.ActiveCfg = Debug|Any CPU
		{36D1378D-7435-6562-EE31-10D3820750E2}.Debug|Any CPU.Build.0 = Debug|Any CPU
		{36D1378D-7435-6562-EE31-10D3820750E2}.Release|Any CPU.ActiveCfg = Release|Any CPU
		{36D1378D-7435-6562-EE31-10D3820750E2}.Release|Any CPU.Build.0 = Release|Any CPU
		{9A8FA4C2-E6D2-2504-3C55-F732E9B5E19E}.Debug|Any CPU.ActiveCfg = Debug|Any CPU
		{9A8FA4C2-E6D2-2504-3C55-F732E9B5E19E}.Debug|Any CPU.Build.0 = Debug|Any CPU
		{9A8FA4C2-E6D2-2504-3C55-F732E9B5E19E}.Release|Any CPU.ActiveCfg = Release|Any CPU
		{9A8FA4C2-E6D2-2504-3C55-F732E9B5E19E}.Release|Any CPU.Build.0 = Release|Any CPU
		{85408124-F65E-0F41-8374-4A9DB5A3A9B9}.Debug|Any CPU.ActiveCfg = Debug|Any CPU
		{85408124-F65E-0F41-8374-4A9DB5A3A9B9}.Debug|Any CPU.Build.0 = Debug|Any CPU
		{85408124-F65E-0F41-8374-4A9DB5A3A9B9}.Release|Any CPU.ActiveCfg = Release|Any CPU
		{85408124-F65E-0F41-8374-4A9DB5A3A9B9}.Release|Any CPU.Build.0 = Release|Any CPU
		{8C16BB92-3AAD-7CC4-1442-9C2947CAA971}.Debug|Any CPU.ActiveCfg = Debug|Any CPU
		{8C16BB92-3AAD-7CC4-1442-9C2947CAA971}.Debug|Any CPU.Build.0 = Debug|Any CPU
		{8C16BB92-3AAD-7CC4-1442-9C2947CAA971}.Release|Any CPU.ActiveCfg = Release|Any CPU
		{8C16BB92-3AAD-7CC4-1442-9C2947CAA971}.Release|Any CPU.Build.0 = Release|Any CPU
	EndGlobalSection
	GlobalSection(SolutionProperties) = preSolution
		HideSolutionNode = FALSE
	EndGlobalSection
EndGlobal
